// !$*UTF8*$!
{
	archiveVersion = 1;
	classes = {
	};
	objectVersion = 50;
	objects = {

/* Begin PBXBuildFile section */
		740FFD5E25BD9D0800A23384 /* AppDelegate.swift in Sources */ = {isa = PBXBuildFile; fileRef = 740FFD5D25BD9D0800A23384 /* AppDelegate.swift */; };
		740FFD6025BD9D0800A23384 /* SceneDelegate.swift in Sources */ = {isa = PBXBuildFile; fileRef = 740FFD5F25BD9D0800A23384 /* SceneDelegate.swift */; };
		740FFD6225BD9D0800A23384 /* MasterViewController.swift in Sources */ = {isa = PBXBuildFile; fileRef = 740FFD6125BD9D0800A23384 /* MasterViewController.swift */; };
		740FFD6525BD9D0800A23384 /* Main.storyboard in Resources */ = {isa = PBXBuildFile; fileRef = 740FFD6325BD9D0800A23384 /* Main.storyboard */; };
		740FFD6725BD9D0E00A23384 /* Assets.xcassets in Resources */ = {isa = PBXBuildFile; fileRef = 740FFD6625BD9D0E00A23384 /* Assets.xcassets */; };
		740FFD6A25BD9D0E00A23384 /* LaunchScreen.storyboard in Resources */ = {isa = PBXBuildFile; fileRef = 740FFD6825BD9D0E00A23384 /* LaunchScreen.storyboard */; };
		740FFD7925BD9E1000A23384 /* RecipeBrain.swift in Sources */ = {isa = PBXBuildFile; fileRef = 740FFD7825BD9E1000A23384 /* RecipeBrain.swift */; };
		740FFD7D25BD9E2200A23384 /* Recipe.swift in Sources */ = {isa = PBXBuildFile; fileRef = 740FFD7C25BD9E2200A23384 /* Recipe.swift */; };
		740FFD8025BD9E6800A23384 /* Ingredient.swift in Sources */ = {isa = PBXBuildFile; fileRef = 740FFD7F25BD9E6800A23384 /* Ingredient.swift */; };
		740FFD8725BDBAD500A23384 /* IngredientType.swift in Sources */ = {isa = PBXBuildFile; fileRef = 740FFD8625BDBAD500A23384 /* IngredientType.swift */; };
		744CAB8425EBD68D005DA757 /* IngredientListTableViewController.swift in Sources */ = {isa = PBXBuildFile; fileRef = 744CAB8325EBD68D005DA757 /* IngredientListTableViewController.swift */; };
		744CAB8725EBD9CD005DA757 /* Ingredients.plist in Resources */ = {isa = PBXBuildFile; fileRef = 744CAB8625EBD9CD005DA757 /* Ingredients.plist */; };
		744CAB8A25EBDBBF005DA757 /* Recipes.plist in Resources */ = {isa = PBXBuildFile; fileRef = 744CAB8925EBDBBF005DA757 /* Recipes.plist */; };
		744CAB8E25EBE36F005DA757 /* IngredientListDataSource.swift in Sources */ = {isa = PBXBuildFile; fileRef = 744CAB8D25EBE36F005DA757 /* IngredientListDataSource.swift */; };
		744CAB9325EBF549005DA757 /* RecipeCell.swift in Sources */ = {isa = PBXBuildFile; fileRef = 744CAB9225EBF549005DA757 /* RecipeCell.swift */; };
		744CAB9825EBF801005DA757 /* ConfigurableCell.swift in Sources */ = {isa = PBXBuildFile; fileRef = 744CAB9725EBF801005DA757 /* ConfigurableCell.swift */; };
		744CAB9C25EBF82B005DA757 /* ReusableIdentifier.swift in Sources */ = {isa = PBXBuildFile; fileRef = 744CAB9B25EBF82B005DA757 /* ReusableIdentifier.swift */; };
		744CABA125EC0347005DA757 /* AddIngredientController.swift in Sources */ = {isa = PBXBuildFile; fileRef = 744CABA025EC0347005DA757 /* AddIngredientController.swift */; };
		74E3A67325CC63090008CCCA /* FileManager.swift in Sources */ = {isa = PBXBuildFile; fileRef = 74E3A67225CC63080008CCCA /* FileManager.swift */; };
		74E52CD125EE579900FEE0D1 /* RecipeLineController.swift in Sources */ = {isa = PBXBuildFile; fileRef = 74E52CD025EE579900FEE0D1 /* RecipeLineController.swift */; };
/* End PBXBuildFile section */

/* Begin PBXFileReference section */
		740FFD5A25BD9D0800A23384 /* MyRecipe.app */ = {isa = PBXFileReference; explicitFileType = wrapper.application; includeInIndex = 0; path = MyRecipe.app; sourceTree = BUILT_PRODUCTS_DIR; };
		740FFD5D25BD9D0800A23384 /* AppDelegate.swift */ = {isa = PBXFileReference; lastKnownFileType = sourcecode.swift; path = AppDelegate.swift; sourceTree = "<group>"; };
		740FFD5F25BD9D0800A23384 /* SceneDelegate.swift */ = {isa = PBXFileReference; lastKnownFileType = sourcecode.swift; path = SceneDelegate.swift; sourceTree = "<group>"; };
		740FFD6125BD9D0800A23384 /* MasterViewController.swift */ = {isa = PBXFileReference; lastKnownFileType = sourcecode.swift; path = MasterViewController.swift; sourceTree = "<group>"; };
		740FFD6425BD9D0800A23384 /* Base */ = {isa = PBXFileReference; lastKnownFileType = file.storyboard; name = Base; path = Base.lproj/Main.storyboard; sourceTree = "<group>"; };
		740FFD6625BD9D0E00A23384 /* Assets.xcassets */ = {isa = PBXFileReference; lastKnownFileType = folder.assetcatalog; path = Assets.xcassets; sourceTree = "<group>"; };
		740FFD6925BD9D0E00A23384 /* Base */ = {isa = PBXFileReference; lastKnownFileType = file.storyboard; name = Base; path = Base.lproj/LaunchScreen.storyboard; sourceTree = "<group>"; };
		740FFD6B25BD9D0E00A23384 /* Info.plist */ = {isa = PBXFileReference; lastKnownFileType = text.plist.xml; path = Info.plist; sourceTree = "<group>"; };
		740FFD7825BD9E1000A23384 /* RecipeBrain.swift */ = {isa = PBXFileReference; lastKnownFileType = sourcecode.swift; path = RecipeBrain.swift; sourceTree = "<group>"; };
		740FFD7C25BD9E2200A23384 /* Recipe.swift */ = {isa = PBXFileReference; lastKnownFileType = sourcecode.swift; path = Recipe.swift; sourceTree = "<group>"; };
		740FFD7F25BD9E6800A23384 /* Ingredient.swift */ = {isa = PBXFileReference; lastKnownFileType = sourcecode.swift; path = Ingredient.swift; sourceTree = "<group>"; };
		740FFD8625BDBAD500A23384 /* IngredientType.swift */ = {isa = PBXFileReference; lastKnownFileType = sourcecode.swift; path = IngredientType.swift; sourceTree = "<group>"; };
		744CAB8325EBD68D005DA757 /* IngredientListTableViewController.swift */ = {isa = PBXFileReference; lastKnownFileType = sourcecode.swift; name = IngredientListTableViewController.swift; path = MyRecipe/View/IngredientListTableViewController.swift; sourceTree = SOURCE_ROOT; };
		744CAB8625EBD9CD005DA757 /* Ingredients.plist */ = {isa = PBXFileReference; lastKnownFileType = text.plist; name = Ingredients.plist; path = MyRecipe/View/Ingredients.plist; sourceTree = SOURCE_ROOT; };
		744CAB8925EBDBBF005DA757 /* Recipes.plist */ = {isa = PBXFileReference; lastKnownFileType = text.plist.xml; path = Recipes.plist; sourceTree = "<group>"; };
		744CAB8D25EBE36F005DA757 /* IngredientListDataSource.swift */ = {isa = PBXFileReference; lastKnownFileType = sourcecode.swift; path = IngredientListDataSource.swift; sourceTree = "<group>"; };
		744CAB9225EBF549005DA757 /* RecipeCell.swift */ = {isa = PBXFileReference; lastKnownFileType = sourcecode.swift; path = RecipeCell.swift; sourceTree = "<group>"; };
		744CAB9725EBF801005DA757 /* ConfigurableCell.swift */ = {isa = PBXFileReference; lastKnownFileType = sourcecode.swift; path = ConfigurableCell.swift; sourceTree = "<group>"; };
		744CAB9B25EBF82B005DA757 /* ReusableIdentifier.swift */ = {isa = PBXFileReference; lastKnownFileType = sourcecode.swift; path = ReusableIdentifier.swift; sourceTree = "<group>"; };
		744CABA025EC0347005DA757 /* AddIngredientController.swift */ = {isa = PBXFileReference; lastKnownFileType = sourcecode.swift; path = AddIngredientController.swift; sourceTree = "<group>"; };
		74E3A67225CC63080008CCCA /* FileManager.swift */ = {isa = PBXFileReference; lastKnownFileType = sourcecode.swift; path = FileManager.swift; sourceTree = "<group>"; };
		74E52CD025EE579900FEE0D1 /* RecipeLineController.swift */ = {isa = PBXFileReference; lastKnownFileType = sourcecode.swift; path = RecipeLineController.swift; sourceTree = "<group>"; };
/* End PBXFileReference section */

/* Begin PBXFrameworksBuildPhase section */
		740FFD5725BD9D0800A23384 /* Frameworks */ = {
			isa = PBXFrameworksBuildPhase;
			buildActionMask = 2147483647;
			files = (
			);
			runOnlyForDeploymentPostprocessing = 0;
		};
/* End PBXFrameworksBuildPhase section */

/* Begin PBXGroup section */
		740FFD5125BD9D0800A23384 = {
			isa = PBXGroup;
			children = (
				740FFD5C25BD9D0800A23384 /* MyRecipe */,
				740FFD5B25BD9D0800A23384 /* Products */,
			);
			sourceTree = "<group>";
		};
		740FFD5B25BD9D0800A23384 /* Products */ = {
			isa = PBXGroup;
			children = (
				740FFD5A25BD9D0800A23384 /* MyRecipe.app */,
			);
			name = Products;
			sourceTree = "<group>";
		};
		740FFD5C25BD9D0800A23384 /* MyRecipe */ = {
			isa = PBXGroup;
			children = (
				744CAB9625EBF7BD005DA757 /* Protocols and Extensions */,
				744CAB8C25EBE300005DA757 /* Delegates and Datasources */,
				74E3A67025CC623A0008CCCA /* Sources */,
				740FFD7725BD9DC600A23384 /* Model */,
				740FFD7625BD9DBA00A23384 /* Controllers */,
				740FFD7425BD9DAE00A23384 /* View */,
				740FFD6625BD9D0E00A23384 /* Assets.xcassets */,
				740FFD6825BD9D0E00A23384 /* LaunchScreen.storyboard */,
				740FFD6B25BD9D0E00A23384 /* Info.plist */,
			);
			path = MyRecipe;
			sourceTree = "<group>";
		};
		740FFD7425BD9DAE00A23384 /* View */ = {
			isa = PBXGroup;
			children = (
				740FFD6325BD9D0800A23384 /* Main.storyboard */,
				744CAB9225EBF549005DA757 /* RecipeCell.swift */,
			);
			path = View;
			sourceTree = "<group>";
		};
		740FFD7625BD9DBA00A23384 /* Controllers */ = {
			isa = PBXGroup;
			children = (
				74E52CD025EE579900FEE0D1 /* RecipeLineController.swift */,
				744CAB8325EBD68D005DA757 /* IngredientListTableViewController.swift */,
				740FFD6125BD9D0800A23384 /* MasterViewController.swift */,
				744CABA025EC0347005DA757 /* AddIngredientController.swift */,
			);
			path = Controllers;
			sourceTree = "<group>";
		};
		740FFD7725BD9DC600A23384 /* Model */ = {
			isa = PBXGroup;
			children = (
				744CAB8625EBD9CD005DA757 /* Ingredients.plist */,
				744CAB8925EBDBBF005DA757 /* Recipes.plist */,
				740FFD7825BD9E1000A23384 /* RecipeBrain.swift */,
				740FFD7C25BD9E2200A23384 /* Recipe.swift */,
				740FFD7F25BD9E6800A23384 /* Ingredient.swift */,
				740FFD8625BDBAD500A23384 /* IngredientType.swift */,
			);
			path = Model;
			sourceTree = "<group>";
		};
		744CAB8C25EBE300005DA757 /* Delegates and Datasources */ = {
			isa = PBXGroup;
			children = (
				740FFD5F25BD9D0800A23384 /* SceneDelegate.swift */,
				740FFD5D25BD9D0800A23384 /* AppDelegate.swift */,
				744CAB8D25EBE36F005DA757 /* IngredientListDataSource.swift */,
			);
			path = "Delegates and Datasources";
			sourceTree = "<group>";
		};
		744CAB9625EBF7BD005DA757 /* Protocols and Extensions */ = {
			isa = PBXGroup;
			children = (
				744CAB9725EBF801005DA757 /* ConfigurableCell.swift */,
				744CAB9B25EBF82B005DA757 /* ReusableIdentifier.swift */,
			);
			path = "Protocols and Extensions";
			sourceTree = "<group>";
		};
		74E3A67025CC623A0008CCCA /* Sources */ = {
			isa = PBXGroup;
			children = (
				74E3A67125CC62C60008CCCA /* Extensions */,
			);
			path = Sources;
			sourceTree = "<group>";
		};
		74E3A67125CC62C60008CCCA /* Extensions */ = {
			isa = PBXGroup;
			children = (
				74E3A67225CC63080008CCCA /* FileManager.swift */,
			);
			path = Extensions;
			sourceTree = "<group>";
		};
/* End PBXGroup section */

/* Begin PBXNativeTarget section */
		740FFD5925BD9D0800A23384 /* MyRecipe */ = {
			isa = PBXNativeTarget;
			buildConfigurationList = 740FFD6E25BD9D0E00A23384 /* Build configuration list for PBXNativeTarget "MyRecipe" */;
			buildPhases = (
				740FFD5625BD9D0800A23384 /* Sources */,
				740FFD5725BD9D0800A23384 /* Frameworks */,
				740FFD5825BD9D0800A23384 /* Resources */,
			);
			buildRules = (
			);
			dependencies = (
			);
			name = MyRecipe;
			productName = MyRecipe;
			productReference = 740FFD5A25BD9D0800A23384 /* MyRecipe.app */;
			productType = "com.apple.product-type.application";
		};
/* End PBXNativeTarget section */

/* Begin PBXProject section */
		740FFD5225BD9D0800A23384 /* Project object */ = {
			isa = PBXProject;
			attributes = {
				LastSwiftUpdateCheck = 1230;
				LastUpgradeCheck = 1230;
				TargetAttributes = {
					740FFD5925BD9D0800A23384 = {
						CreatedOnToolsVersion = 12.3;
					};
				};
			};
			buildConfigurationList = 740FFD5525BD9D0800A23384 /* Build configuration list for PBXProject "MyRecipe" */;
			compatibilityVersion = "Xcode 9.3";
			developmentRegion = en;
			hasScannedForEncodings = 0;
			knownRegions = (
				en,
				Base,
			);
			mainGroup = 740FFD5125BD9D0800A23384;
			productRefGroup = 740FFD5B25BD9D0800A23384 /* Products */;
			projectDirPath = "";
			projectRoot = "";
			targets = (
				740FFD5925BD9D0800A23384 /* MyRecipe */,
			);
		};
/* End PBXProject section */

/* Begin PBXResourcesBuildPhase section */
		740FFD5825BD9D0800A23384 /* Resources */ = {
			isa = PBXResourcesBuildPhase;
			buildActionMask = 2147483647;
			files = (
				744CAB8A25EBDBBF005DA757 /* Recipes.plist in Resources */,
				740FFD6A25BD9D0E00A23384 /* LaunchScreen.storyboard in Resources */,
				740FFD6725BD9D0E00A23384 /* Assets.xcassets in Resources */,
				740FFD6525BD9D0800A23384 /* Main.storyboard in Resources */,
				744CAB8725EBD9CD005DA757 /* Ingredients.plist in Resources */,
			);
			runOnlyForDeploymentPostprocessing = 0;
		};
/* End PBXResourcesBuildPhase section */

/* Begin PBXSourcesBuildPhase section */
		740FFD5625BD9D0800A23384 /* Sources */ = {
			isa = PBXSourcesBuildPhase;
			buildActionMask = 2147483647;
			files = (
				74E52CD125EE579900FEE0D1 /* RecipeLineController.swift in Sources */,
				744CABA125EC0347005DA757 /* AddIngredientController.swift in Sources */,
				744CAB8425EBD68D005DA757 /* IngredientListTableViewController.swift in Sources */,
				740FFD7D25BD9E2200A23384 /* Recipe.swift in Sources */,
				740FFD7925BD9E1000A23384 /* RecipeBrain.swift in Sources */,
				744CAB8E25EBE36F005DA757 /* IngredientListDataSource.swift in Sources */,
				740FFD6225BD9D0800A23384 /* MasterViewController.swift in Sources */,
				740FFD8725BDBAD500A23384 /* IngredientType.swift in Sources */,
				744CAB9C25EBF82B005DA757 /* ReusableIdentifier.swift in Sources */,
				744CAB9825EBF801005DA757 /* ConfigurableCell.swift in Sources */,
				740FFD5E25BD9D0800A23384 /* AppDelegate.swift in Sources */,
				740FFD8025BD9E6800A23384 /* Ingredient.swift in Sources */,
				740FFD6025BD9D0800A23384 /* SceneDelegate.swift in Sources */,
				74E3A67325CC63090008CCCA /* FileManager.swift in Sources */,
				744CAB9325EBF549005DA757 /* RecipeCell.swift in Sources */,
			);
			runOnlyForDeploymentPostprocessing = 0;
		};
/* End PBXSourcesBuildPhase section */

/* Begin PBXVariantGroup section */
		740FFD6325BD9D0800A23384 /* Main.storyboard */ = {
			isa = PBXVariantGroup;
			children = (
				740FFD6425BD9D0800A23384 /* Base */,
			);
			name = Main.storyboard;
			sourceTree = "<group>";
		};
		740FFD6825BD9D0E00A23384 /* LaunchScreen.storyboard */ = {
			isa = PBXVariantGroup;
			children = (
				740FFD6925BD9D0E00A23384 /* Base */,
			);
			name = LaunchScreen.storyboard;
			sourceTree = "<group>";
		};
/* End PBXVariantGroup section */

/* Begin XCBuildConfiguration section */
		740FFD6C25BD9D0E00A23384 /* Debug */ = {
			isa = XCBuildConfiguration;
			buildSettings = {
				ALWAYS_SEARCH_USER_PATHS = NO;
				CLANG_ANALYZER_NONNULL = YES;
				CLANG_ANALYZER_NUMBER_OBJECT_CONVERSION = YES_AGGRESSIVE;
				CLANG_CXX_LANGUAGE_STANDARD = "gnu++14";
				CLANG_CXX_LIBRARY = "libc++";
				CLANG_ENABLE_MODULES = YES;
				CLANG_ENABLE_OBJC_ARC = YES;
				CLANG_ENABLE_OBJC_WEAK = YES;
				CLANG_WARN_BLOCK_CAPTURE_AUTORELEASING = YES;
				CLANG_WARN_BOOL_CONVERSION = YES;
				CLANG_WARN_COMMA = YES;
				CLANG_WARN_CONSTANT_CONVERSION = YES;
				CLANG_WARN_DEPRECATED_OBJC_IMPLEMENTATIONS = YES;
				CLANG_WARN_DIRECT_OBJC_ISA_USAGE = YES_ERROR;
				CLANG_WARN_DOCUMENTATION_COMMENTS = YES;
				CLANG_WARN_EMPTY_BODY = YES;
				CLANG_WARN_ENUM_CONVERSION = YES;
				CLANG_WARN_INFINITE_RECURSION = YES;
				CLANG_WARN_INT_CONVERSION = YES;
				CLANG_WARN_NON_LITERAL_NULL_CONVERSION = YES;
				CLANG_WARN_OBJC_IMPLICIT_RETAIN_SELF = YES;
				CLANG_WARN_OBJC_LITERAL_CONVERSION = YES;
				CLANG_WARN_OBJC_ROOT_CLASS = YES_ERROR;
				CLANG_WARN_QUOTED_INCLUDE_IN_FRAMEWORK_HEADER = YES;
				CLANG_WARN_RANGE_LOOP_ANALYSIS = YES;
				CLANG_WARN_STRICT_PROTOTYPES = YES;
				CLANG_WARN_SUSPICIOUS_MOVE = YES;
				CLANG_WARN_UNGUARDED_AVAILABILITY = YES_AGGRESSIVE;
				CLANG_WARN_UNREACHABLE_CODE = YES;
				CLANG_WARN__DUPLICATE_METHOD_MATCH = YES;
				COPY_PHASE_STRIP = NO;
				DEBUG_INFORMATION_FORMAT = dwarf;
				ENABLE_STRICT_OBJC_MSGSEND = YES;
				ENABLE_TESTABILITY = YES;
				GCC_C_LANGUAGE_STANDARD = gnu11;
				GCC_DYNAMIC_NO_PIC = NO;
				GCC_NO_COMMON_BLOCKS = YES;
				GCC_OPTIMIZATION_LEVEL = 0;
				GCC_PREPROCESSOR_DEFINITIONS = (
					"DEBUG=1",
					"$(inherited)",
				);
				GCC_WARN_64_TO_32_BIT_CONVERSION = YES;
				GCC_WARN_ABOUT_RETURN_TYPE = YES_ERROR;
				GCC_WARN_UNDECLARED_SELECTOR = YES;
				GCC_WARN_UNINITIALIZED_AUTOS = YES_AGGRESSIVE;
				GCC_WARN_UNUSED_FUNCTION = YES;
				GCC_WARN_UNUSED_VARIABLE = YES;
				IPHONEOS_DEPLOYMENT_TARGET = 14.3;
				MTL_ENABLE_DEBUG_INFO = INCLUDE_SOURCE;
				MTL_FAST_MATH = YES;
				ONLY_ACTIVE_ARCH = YES;
				SDKROOT = iphoneos;
				SWIFT_ACTIVE_COMPILATION_CONDITIONS = DEBUG;
				SWIFT_OPTIMIZATION_LEVEL = "-Onone";
			};
			name = Debug;
		};
		740FFD6D25BD9D0E00A23384 /* Release */ = {
			isa = XCBuildConfiguration;
			buildSettings = {
				ALWAYS_SEARCH_USER_PATHS = NO;
				CLANG_ANALYZER_NONNULL = YES;
				CLANG_ANALYZER_NUMBER_OBJECT_CONVERSION = YES_AGGRESSIVE;
				CLANG_CXX_LANGUAGE_STANDARD = "gnu++14";
				CLANG_CXX_LIBRARY = "libc++";
				CLANG_ENABLE_MODULES = YES;
				CLANG_ENABLE_OBJC_ARC = YES;
				CLANG_ENABLE_OBJC_WEAK = YES;
				CLANG_WARN_BLOCK_CAPTURE_AUTORELEASING = YES;
				CLANG_WARN_BOOL_CONVERSION = YES;
				CLANG_WARN_COMMA = YES;
				CLANG_WARN_CONSTANT_CONVERSION = YES;
				CLANG_WARN_DEPRECATED_OBJC_IMPLEMENTATIONS = YES;
				CLANG_WARN_DIRECT_OBJC_ISA_USAGE = YES_ERROR;
				CLANG_WARN_DOCUMENTATION_COMMENTS = YES;
				CLANG_WARN_EMPTY_BODY = YES;
				CLANG_WARN_ENUM_CONVERSION = YES;
				CLANG_WARN_INFINITE_RECURSION = YES;
				CLANG_WARN_INT_CONVERSION = YES;
				CLANG_WARN_NON_LITERAL_NULL_CONVERSION = YES;
				CLANG_WARN_OBJC_IMPLICIT_RETAIN_SELF = YES;
				CLANG_WARN_OBJC_LITERAL_CONVERSION = YES;
				CLANG_WARN_OBJC_ROOT_CLASS = YES_ERROR;
				CLANG_WARN_QUOTED_INCLUDE_IN_FRAMEWORK_HEADER = YES;
				CLANG_WARN_RANGE_LOOP_ANALYSIS = YES;
				CLANG_WARN_STRICT_PROTOTYPES = YES;
				CLANG_WARN_SUSPICIOUS_MOVE = YES;
				CLANG_WARN_UNGUARDED_AVAILABILITY = YES_AGGRESSIVE;
				CLANG_WARN_UNREACHABLE_CODE = YES;
				CLANG_WARN__DUPLICATE_METHOD_MATCH = YES;
				COPY_PHASE_STRIP = NO;
				DEBUG_INFORMATION_FORMAT = "dwarf-with-dsym";
				ENABLE_NS_ASSERTIONS = NO;
				ENABLE_STRICT_OBJC_MSGSEND = YES;
				GCC_C_LANGUAGE_STANDARD = gnu11;
				GCC_NO_COMMON_BLOCKS = YES;
				GCC_WARN_64_TO_32_BIT_CONVERSION = YES;
				GCC_WARN_ABOUT_RETURN_TYPE = YES_ERROR;
				GCC_WARN_UNDECLARED_SELECTOR = YES;
				GCC_WARN_UNINITIALIZED_AUTOS = YES_AGGRESSIVE;
				GCC_WARN_UNUSED_FUNCTION = YES;
				GCC_WARN_UNUSED_VARIABLE = YES;
				IPHONEOS_DEPLOYMENT_TARGET = 14.3;
				MTL_ENABLE_DEBUG_INFO = NO;
				MTL_FAST_MATH = YES;
				SDKROOT = iphoneos;
				SWIFT_COMPILATION_MODE = wholemodule;
				SWIFT_OPTIMIZATION_LEVEL = "-O";
				VALIDATE_PRODUCT = YES;
			};
			name = Release;
		};
		740FFD6F25BD9D0E00A23384 /* Debug */ = {
			isa = XCBuildConfiguration;
			buildSettings = {
				ASSETCATALOG_COMPILER_APPICON_NAME = AppIcon;
				ASSETCATALOG_COMPILER_GLOBAL_ACCENT_COLOR_NAME = AccentColor;
				CODE_SIGN_STYLE = Automatic;
				DEVELOPMENT_TEAM = TSBJ6LG6DH;
				INFOPLIST_FILE = MyRecipe/Info.plist;
				IPHONEOS_DEPLOYMENT_TARGET = 13.0;
				LD_RUNPATH_SEARCH_PATHS = (
					"$(inherited)",
					"@executable_path/Frameworks",
				);
				PRODUCT_BUNDLE_IDENTIFIER = com.LonelyMountain.MyRecipe;
				PRODUCT_NAME = "$(TARGET_NAME)";
				SWIFT_VERSION = 5.0;
				TARGETED_DEVICE_FAMILY = 2;
			};
			name = Debug;
		};
		740FFD7025BD9D0E00A23384 /* Release */ = {
			isa = XCBuildConfiguration;
			buildSettings = {
				ASSETCATALOG_COMPILER_APPICON_NAME = AppIcon;
				ASSETCATALOG_COMPILER_GLOBAL_ACCENT_COLOR_NAME = AccentColor;
				CODE_SIGN_STYLE = Automatic;
				DEVELOPMENT_TEAM = TSBJ6LG6DH;
				INFOPLIST_FILE = MyRecipe/Info.plist;
				IPHONEOS_DEPLOYMENT_TARGET = 13.0;
				LD_RUNPATH_SEARCH_PATHS = (
					"$(inherited)",
					"@executable_path/Frameworks",
				);
				PRODUCT_BUNDLE_IDENTIFIER = com.LonelyMountain.MyRecipe;
				PRODUCT_NAME = "$(TARGET_NAME)";
				SWIFT_VERSION = 5.0;
				TARGETED_DEVICE_FAMILY = 2;
			};
			name = Release;
		};
/* End XCBuildConfiguration section */

/* Begin XCConfigurationList section */
		740FFD5525BD9D0800A23384 /* Build configuration list for PBXProject "MyRecipe" */ = {
			isa = XCConfigurationList;
			buildConfigurations = (
				740FFD6C25BD9D0E00A23384 /* Debug */,
				740FFD6D25BD9D0E00A23384 /* Release */,
			);
			defaultConfigurationIsVisible = 0;
			defaultConfigurationName = Release;
		};
		740FFD6E25BD9D0E00A23384 /* Build configuration list for PBXNativeTarget "MyRecipe" */ = {
			isa = XCConfigurationList;
			buildConfigurations = (
				740FFD6F25BD9D0E00A23384 /* Debug */,
				740FFD7025BD9D0E00A23384 /* Release */,
			);
			defaultConfigurationIsVisible = 0;
			defaultConfigurationName = Release;
		};
/* End XCConfigurationList section */
	};
	rootObject = 740FFD5225BD9D0800A23384 /* Project object */;
}
